<?xml version="1.0" encoding="utf-8"?>
<Project ToolsVersion="4.0" xmlns="http://schemas.microsoft.com/developer/msbuild/2003">
  <ItemGroup>
    <Filter Include="Source Files">
      <UniqueIdentifier>{4FC737F1-C7A5-4376-A066-2A32D752A2FF}</UniqueIdentifier>
      <Extensions>cpp;c;cc;cxx;c++;cppm;ixx;def;odl;idl;hpj;bat;asm;asmx</Extensions>
    </Filter>
    <Filter Include="Header Files">
      <UniqueIdentifier>{93995380-89BD-4b04-88EB-625FBE52EBFB}</UniqueIdentifier>
      <Extensions>h;hh;hpp;hxx;h++;hm;inl;inc;ipp;xsd</Extensions>
    </Filter>
    <Filter Include="Resource Files">
      <UniqueIdentifier>{67DA6AB6-F800-4c08-8B7A-83BB121AAD01}</UniqueIdentifier>
      <Extensions>rc;ico;cur;bmp;dlg;rc2;rct;bin;rgs;gif;jpg;jpeg;jpe;resx;tiff;tif;png;wav;mfcribbon-ms</Extensions>
    </Filter>
  </ItemGroup>
  <ItemGroup>
    <ClInclude Include="source\Containers\Array.h">
      <Filter>Header Files</Filter>
    </ClInclude>
    <ClInclude Include="source\Containers\DynamicQuadTree.h">
      <Filter>Header Files</Filter>
    </ClInclude>
    <ClInclude Include="source\Containers\List.h">
      <Filter>Header Files</Filter>
    </ClInclude>
    <ClInclude Include="source\Containers\Map.h">
      <Filter>Header Files</Filter>
    </ClInclude>
    <ClInclude Include="source\Containers\Queue.h">
      <Filter>Header Files</Filter>
    </ClInclude>
    <ClInclude Include="source\Containers\Set.h">
      <Filter>Header Files</Filter>
    </ClInclude>
    <ClInclude Include="source\Containers\Stack.h">
      <Filter>Header Files</Filter>
    </ClInclude>
    <ClInclude Include="source\Containers\StaticQuadTree.h">
      <Filter>Header Files</Filter>
    </ClInclude>
    <ClInclude Include="source\Core.h">
      <Filter>Header Files</Filter>
    </ClInclude>
    <ClInclude Include="source\Definitions.h">
      <Filter>Header Files</Filter>
    </ClInclude>
    <ClInclude Include="source\GenericTypes\Event.h">
      <Filter>Header Files</Filter>
    </ClInclude>
    <ClInclude Include="source\GenericTypes\String.h">
      <Filter>Header Files</Filter>
    </ClInclude>
    <ClInclude Include="source\GenericTypes\StringId.h">
      <Filter>Header Files</Filter>
    </ClInclude>
    <ClInclude Include="source\Graphics\Color.h">
      <Filter>Header Files</Filter>
    </ClInclude>
    <ClInclude Include="source\Graphics\RenderTarget.h">
      <Filter>Header Files</Filter>
    </ClInclude>
    <ClInclude Include="source\Graphics\SpriteRenderer\IntermediateSpriteRenderer.h">
      <Filter>Header Files</Filter>
    </ClInclude>
    <ClInclude Include="source\Graphics\SpriteRenderer\ISpriteRenderer.h">
      <Filter>Header Files</Filter>
    </ClInclude>
    <ClInclude Include="source\Graphics\UniformBlock.h">
      <Filter>Header Files</Filter>
    </ClInclude>
    <ClInclude Include="source\Hero.h">
      <Filter>Header Files</Filter>
    </ClInclude>
    <ClInclude Include="source\Math\Float2.h">
      <Filter>Header Files</Filter>
    </ClInclude>
    <ClInclude Include="source\Math\Float3.h">
      <Filter>Header Files</Filter>
    </ClInclude>
    <ClInclude Include="source\Math\Float4.h">
      <Filter>Header Files</Filter>
    </ClInclude>
    <ClInclude Include="source\Math\Int2.h">
      <Filter>Header Files</Filter>
    </ClInclude>
    <ClInclude Include="source\Math\Int3.h">
      <Filter>Header Files</Filter>
    </ClInclude>
    <ClInclude Include="source\Math\Int4.h">
      <Filter>Header Files</Filter>
    </ClInclude>
    <ClInclude Include="source\Math\Intersections.h">
      <Filter>Header Files</Filter>
    </ClInclude>
    <ClInclude Include="source\Math\Math.h">
      <Filter>Header Files</Filter>
    </ClInclude>
    <ClInclude Include="source\Math\MathConstants.h">
      <Filter>Header Files</Filter>
    </ClInclude>
    <ClInclude Include="source\Math\Matrix2x2.h">
      <Filter>Header Files</Filter>
    </ClInclude>
    <ClInclude Include="source\Math\Matrix3x3.h">
      <Filter>Header Files</Filter>
    </ClInclude>
    <ClInclude Include="source\Math\Matrix4x4.h">
      <Filter>Header Files</Filter>
    </ClInclude>
    <ClInclude Include="source\Math\Quaternion.h">
      <Filter>Header Files</Filter>
    </ClInclude>
    <ClInclude Include="source\Plugins\Plugin.h">
      <Filter>Header Files</Filter>
    </ClInclude>
    <ClInclude Include="source\Resources\Font.h">
      <Filter>Header Files</Filter>
    </ClInclude>
    <ClInclude Include="source\Resources\Material.h">
      <Filter>Header Files</Filter>
    </ClInclude>
    <ClInclude Include="source\Resources\Mesh.h">
      <Filter>Header Files</Filter>
    </ClInclude>
    <ClInclude Include="source\Resources\ResourceHandle.h">
      <Filter>Header Files</Filter>
    </ClInclude>
    <ClInclude Include="source\Resources\Shader.h">
      <Filter>Header Files</Filter>
    </ClInclude>
    <ClInclude Include="source\Resources\Texture.h">
      <Filter>Header Files</Filter>
    </ClInclude>
    <ClInclude Include="source\Subsystems\Audio\AudioSubsystem.h">
      <Filter>Header Files</Filter>
    </ClInclude>
    <ClInclude Include="source\Subsystems\Input\ControlMap.h">
      <Filter>Header Files</Filter>
    </ClInclude>
    <ClInclude Include="source\Subsystems\Input\ControlScheme.h">
      <Filter>Header Files</Filter>
    </ClInclude>
    <ClInclude Include="source\Subsystems\Input\Devices\IInputDevice.h">
      <Filter>Header Files</Filter>
    </ClInclude>
    <ClInclude Include="source\Subsystems\Input\Devices\KeyboardDevice.h">
      <Filter>Header Files</Filter>
    </ClInclude>
    <ClInclude Include="source\Subsystems\Input\Devices\MouseDevice.h">
      <Filter>Header Files</Filter>
    </ClInclude>
    <ClInclude Include="source\Subsystems\Input\InputKeys.h">
      <Filter>Header Files</Filter>
    </ClInclude>
    <ClInclude Include="source\Subsystems\Input\InputSubsystem.h">
      <Filter>Header Files</Filter>
    </ClInclude>
    <ClInclude Include="source\Subsystems\Resource\Converters\FontConverter.h">
      <Filter>Header Files</Filter>
    </ClInclude>
    <ClInclude Include="source\Subsystems\Resource\Converters\IResourceConverter.h">
      <Filter>Header Files</Filter>
    </ClInclude>
    <ClInclude Include="source\Subsystems\Resource\Converters\MaterialConverter.h">
      <Filter>Header Files</Filter>
    </ClInclude>
    <ClInclude Include="source\Subsystems\Resource\Converters\MeshConverter.h">
      <Filter>Header Files</Filter>
    </ClInclude>
    <ClInclude Include="source\Subsystems\Resource\Converters\ShaderConverter.h">
      <Filter>Header Files</Filter>
    </ClInclude>
    <ClInclude Include="source\Subsystems\Resource\Converters\TextureConverter.h">
      <Filter>Header Files</Filter>
    </ClInclude>
    <ClInclude Include="source\Subsystems\Resource\Loaders\FontLoader.h">
      <Filter>Header Files</Filter>
    </ClInclude>
    <ClInclude Include="source\Subsystems\Resource\Loaders\IResourceLoader.h">
      <Filter>Header Files</Filter>
    </ClInclude>
    <ClInclude Include="source\Subsystems\Resource\Loaders\MaterialLoader.h">
      <Filter>Header Files</Filter>
    </ClInclude>
    <ClInclude Include="source\Subsystems\Resource\Loaders\MeshLoader.h">
      <Filter>Header Files</Filter>
    </ClInclude>
    <ClInclude Include="source\Subsystems\Resource\Loaders\ShaderLoader.h">
      <Filter>Header Files</Filter>
    </ClInclude>
    <ClInclude Include="source\Subsystems\Resource\Loaders\TextureLoader.h">
      <Filter>Header Files</Filter>
    </ClInclude>
    <ClInclude Include="source\Subsystems\Resource\ResourceSubsystem.h">
      <Filter>Header Files</Filter>
    </ClInclude>
    <ClInclude Include="source\Subsystems\State\State.h">
      <Filter>Header Files</Filter>
    </ClInclude>
    <ClInclude Include="source\Subsystems\State\StateObject.h">
      <Filter>Header Files</Filter>
    </ClInclude>
    <ClInclude Include="source\Subsystems\State\StateSubsystem.h">
      <Filter>Header Files</Filter>
    </ClInclude>
    <ClInclude Include="source\Subsystems\Subsystem.h">
      <Filter>Header Files</Filter>
    </ClInclude>
    <ClInclude Include="source\Subsystems\SubsystemManager.h">
      <Filter>Header Files</Filter>
    </ClInclude>
    <ClInclude Include="source\Subsystems\Time\Timer.h">
      <Filter>Header Files</Filter>
    </ClInclude>
    <ClInclude Include="source\Subsystems\Time\TimeSubsystem.h">
      <Filter>Header Files</Filter>
    </ClInclude>
    <ClInclude Include="source\Subsystems\Window\WindowObject.h">
      <Filter>Header Files</Filter>
    </ClInclude>
    <ClInclude Include="source\Subsystems\Window\WindowSubsystem.h">
      <Filter>Header Files</Filter>
    </ClInclude>
    <ClInclude Include="source\ThirdParty\GL\eglew.h">
      <Filter>Header Files</Filter>
    </ClInclude>
    <ClInclude Include="source\ThirdParty\GL\Gl.h">
      <Filter>Header Files</Filter>
    </ClInclude>
    <ClInclude Include="source\ThirdParty\GL\GlDebug.h">
      <Filter>Header Files</Filter>
    </ClInclude>
    <ClInclude Include="source\ThirdParty\GL\glew.h">
      <Filter>Header Files</Filter>
    </ClInclude>
    <ClInclude Include="source\ThirdParty\GL\glxew.h">
      <Filter>Header Files</Filter>
    </ClInclude>
    <ClInclude Include="source\ThirdParty\GL\wglew.h">
      <Filter>Header Files</Filter>
    </ClInclude>
    <ClInclude Include="source\ThirdParty\SDL2\begin_code.h">
      <Filter>Header Files</Filter>
    </ClInclude>
    <ClInclude Include="source\ThirdParty\SDL2\close_code.h">
      <Filter>Header Files</Filter>
    </ClInclude>
    <ClInclude Include="source\ThirdParty\SDL2\SDL.h">
      <Filter>Header Files</Filter>
    </ClInclude>
    <ClInclude Include="source\ThirdParty\SDL2\SDL_assert.h">
      <Filter>Header Files</Filter>
    </ClInclude>
    <ClInclude Include="source\ThirdParty\SDL2\SDL_atomic.h">
      <Filter>Header Files</Filter>
    </ClInclude>
    <ClInclude Include="source\ThirdParty\SDL2\SDL_audio.h">
      <Filter>Header Files</Filter>
    </ClInclude>
    <ClInclude Include="source\ThirdParty\SDL2\SDL_bits.h">
      <Filter>Header Files</Filter>
    </ClInclude>
    <ClInclude Include="source\ThirdParty\SDL2\SDL_blendmode.h">
      <Filter>Header Files</Filter>
    </ClInclude>
    <ClInclude Include="source\ThirdParty\SDL2\SDL_clipboard.h">
      <Filter>Header Files</Filter>
    </ClInclude>
    <ClInclude Include="source\ThirdParty\SDL2\SDL_config.h">
      <Filter>Header Files</Filter>
    </ClInclude>
    <ClInclude Include="source\ThirdParty\SDL2\SDL_config_android.h">
      <Filter>Header Files</Filter>
    </ClInclude>
    <ClInclude Include="source\ThirdParty\SDL2\SDL_config_iphoneos.h">
      <Filter>Header Files</Filter>
    </ClInclude>
    <ClInclude Include="source\ThirdParty\SDL2\SDL_config_macosx.h">
      <Filter>Header Files</Filter>
    </ClInclude>
    <ClInclude Include="source\ThirdParty\SDL2\SDL_config_minimal.h">
      <Filter>Header Files</Filter>
    </ClInclude>
    <ClInclude Include="source\ThirdParty\SDL2\SDL_config_pandora.h">
      <Filter>Header Files</Filter>
    </ClInclude>
    <ClInclude Include="source\ThirdParty\SDL2\SDL_config_psp.h">
      <Filter>Header Files</Filter>
    </ClInclude>
    <ClInclude Include="source\ThirdParty\SDL2\SDL_config_windows.h">
      <Filter>Header Files</Filter>
    </ClInclude>
    <ClInclude Include="source\ThirdParty\SDL2\SDL_config_winrt.h">
      <Filter>Header Files</Filter>
    </ClInclude>
    <ClInclude Include="source\ThirdParty\SDL2\SDL_config_wiz.h">
      <Filter>Header Files</Filter>
    </ClInclude>
    <ClInclude Include="source\ThirdParty\SDL2\SDL_copying.h">
      <Filter>Header Files</Filter>
    </ClInclude>
    <ClInclude Include="source\ThirdParty\SDL2\SDL_cpuinfo.h">
      <Filter>Header Files</Filter>
    </ClInclude>
    <ClInclude Include="source\ThirdParty\SDL2\SDL_egl.h">
      <Filter>Header Files</Filter>
    </ClInclude>
    <ClInclude Include="source\ThirdParty\SDL2\SDL_endian.h">
      <Filter>Header Files</Filter>
    </ClInclude>
    <ClInclude Include="source\ThirdParty\SDL2\SDL_error.h">
      <Filter>Header Files</Filter>
    </ClInclude>
    <ClInclude Include="source\ThirdParty\SDL2\SDL_events.h">
      <Filter>Header Files</Filter>
    </ClInclude>
    <ClInclude Include="source\ThirdParty\SDL2\SDL_filesystem.h">
      <Filter>Header Files</Filter>
    </ClInclude>
    <ClInclude Include="source\ThirdParty\SDL2\SDL_gamecontroller.h">
      <Filter>Header Files</Filter>
    </ClInclude>
    <ClInclude Include="source\ThirdParty\SDL2\SDL_gesture.h">
      <Filter>Header Files</Filter>
    </ClInclude>
    <ClInclude Include="source\ThirdParty\SDL2\SDL_guid.h">
      <Filter>Header Files</Filter>
    </ClInclude>
    <ClInclude Include="source\ThirdParty\SDL2\SDL_haptic.h">
      <Filter>Header Files</Filter>
    </ClInclude>
    <ClInclude Include="source\ThirdParty\SDL2\SDL_hidapi.h">
      <Filter>Header Files</Filter>
    </ClInclude>
    <ClInclude Include="source\ThirdParty\SDL2\SDL_hints.h">
      <Filter>Header Files</Filter>
    </ClInclude>
    <ClInclude Include="source\ThirdParty\SDL2\SDL_joystick.h">
      <Filter>Header Files</Filter>
    </ClInclude>
    <ClInclude Include="source\ThirdParty\SDL2\SDL_keyboard.h">
      <Filter>Header Files</Filter>
    </ClInclude>
    <ClInclude Include="source\ThirdParty\SDL2\SDL_keycode.h">
      <Filter>Header Files</Filter>
    </ClInclude>
    <ClInclude Include="source\ThirdParty\SDL2\SDL_loadso.h">
      <Filter>Header Files</Filter>
    </ClInclude>
    <ClInclude Include="source\ThirdParty\SDL2\SDL_locale.h">
      <Filter>Header Files</Filter>
    </ClInclude>
    <ClInclude Include="source\ThirdParty\SDL2\SDL_log.h">
      <Filter>Header Files</Filter>
    </ClInclude>
    <ClInclude Include="source\ThirdParty\SDL2\SDL_main.h">
      <Filter>Header Files</Filter>
    </ClInclude>
    <ClInclude Include="source\ThirdParty\SDL2\SDL_messagebox.h">
      <Filter>Header Files</Filter>
    </ClInclude>
    <ClInclude Include="source\ThirdParty\SDL2\SDL_metal.h">
      <Filter>Header Files</Filter>
    </ClInclude>
    <ClInclude Include="source\ThirdParty\SDL2\SDL_misc.h">
      <Filter>Header Files</Filter>
    </ClInclude>
    <ClInclude Include="source\ThirdParty\SDL2\SDL_mouse.h">
      <Filter>Header Files</Filter>
    </ClInclude>
    <ClInclude Include="source\ThirdParty\SDL2\SDL_mutex.h">
      <Filter>Header Files</Filter>
    </ClInclude>
    <ClInclude Include="source\ThirdParty\SDL2\SDL_name.h">
      <Filter>Header Files</Filter>
    </ClInclude>
    <ClInclude Include="source\ThirdParty\SDL2\SDL_opengl.h">
      <Filter>Header Files</Filter>
    </ClInclude>
    <ClInclude Include="source\ThirdParty\SDL2\SDL_opengles.h">
      <Filter>Header Files</Filter>
    </ClInclude>
    <ClInclude Include="source\ThirdParty\SDL2\SDL_opengles2.h">
      <Filter>Header Files</Filter>
    </ClInclude>
    <ClInclude Include="source\ThirdParty\SDL2\SDL_opengles2_gl2.h">
      <Filter>Header Files</Filter>
    </ClInclude>
    <ClInclude Include="source\ThirdParty\SDL2\SDL_opengles2_gl2ext.h">
      <Filter>Header Files</Filter>
    </ClInclude>
    <ClInclude Include="source\ThirdParty\SDL2\SDL_opengles2_gl2platform.h">
      <Filter>Header Files</Filter>
    </ClInclude>
    <ClInclude Include="source\ThirdParty\SDL2\SDL_opengles2_khrplatform.h">
      <Filter>Header Files</Filter>
    </ClInclude>
    <ClInclude Include="source\ThirdParty\SDL2\SDL_opengl_glext.h">
      <Filter>Header Files</Filter>
    </ClInclude>
    <ClInclude Include="source\ThirdParty\SDL2\SDL_pixels.h">
      <Filter>Header Files</Filter>
    </ClInclude>
    <ClInclude Include="source\ThirdParty\SDL2\SDL_platform.h">
      <Filter>Header Files</Filter>
    </ClInclude>
    <ClInclude Include="source\ThirdParty\SDL2\SDL_power.h">
      <Filter>Header Files</Filter>
    </ClInclude>
    <ClInclude Include="source\ThirdParty\SDL2\SDL_quit.h">
      <Filter>Header Files</Filter>
    </ClInclude>
    <ClInclude Include="source\ThirdParty\SDL2\SDL_rect.h">
      <Filter>Header Files</Filter>
    </ClInclude>
    <ClInclude Include="source\ThirdParty\SDL2\SDL_render.h">
      <Filter>Header Files</Filter>
    </ClInclude>
    <ClInclude Include="source\ThirdParty\SDL2\SDL_revision.h">
      <Filter>Header Files</Filter>
    </ClInclude>
    <ClInclude Include="source\ThirdParty\SDL2\SDL_rwops.h">
      <Filter>Header Files</Filter>
    </ClInclude>
    <ClInclude Include="source\ThirdParty\SDL2\SDL_scancode.h">
      <Filter>Header Files</Filter>
    </ClInclude>
    <ClInclude Include="source\ThirdParty\SDL2\SDL_sensor.h">
      <Filter>Header Files</Filter>
    </ClInclude>
    <ClInclude Include="source\ThirdParty\SDL2\SDL_shape.h">
      <Filter>Header Files</Filter>
    </ClInclude>
    <ClInclude Include="source\ThirdParty\SDL2\SDL_stdinc.h">
      <Filter>Header Files</Filter>
    </ClInclude>
    <ClInclude Include="source\ThirdParty\SDL2\SDL_surface.h">
      <Filter>Header Files</Filter>
    </ClInclude>
    <ClInclude Include="source\ThirdParty\SDL2\SDL_system.h">
      <Filter>Header Files</Filter>
    </ClInclude>
    <ClInclude Include="source\ThirdParty\SDL2\SDL_syswm.h">
      <Filter>Header Files</Filter>
    </ClInclude>
    <ClInclude Include="source\ThirdParty\SDL2\SDL_test.h">
      <Filter>Header Files</Filter>
    </ClInclude>
    <ClInclude Include="source\ThirdParty\SDL2\SDL_test_assert.h">
      <Filter>Header Files</Filter>
    </ClInclude>
    <ClInclude Include="source\ThirdParty\SDL2\SDL_test_common.h">
      <Filter>Header Files</Filter>
    </ClInclude>
    <ClInclude Include="source\ThirdParty\SDL2\SDL_test_compare.h">
      <Filter>Header Files</Filter>
    </ClInclude>
    <ClInclude Include="source\ThirdParty\SDL2\SDL_test_crc32.h">
      <Filter>Header Files</Filter>
    </ClInclude>
    <ClInclude Include="source\ThirdParty\SDL2\SDL_test_font.h">
      <Filter>Header Files</Filter>
    </ClInclude>
    <ClInclude Include="source\ThirdParty\SDL2\SDL_test_fuzzer.h">
      <Filter>Header Files</Filter>
    </ClInclude>
    <ClInclude Include="source\ThirdParty\SDL2\SDL_test_harness.h">
      <Filter>Header Files</Filter>
    </ClInclude>
    <ClInclude Include="source\ThirdParty\SDL2\SDL_test_images.h">
      <Filter>Header Files</Filter>
    </ClInclude>
    <ClInclude Include="source\ThirdParty\SDL2\SDL_test_log.h">
      <Filter>Header Files</Filter>
    </ClInclude>
    <ClInclude Include="source\ThirdParty\SDL2\SDL_test_md5.h">
      <Filter>Header Files</Filter>
    </ClInclude>
    <ClInclude Include="source\ThirdParty\SDL2\SDL_test_memory.h">
      <Filter>Header Files</Filter>
    </ClInclude>
    <ClInclude Include="source\ThirdParty\SDL2\SDL_test_random.h">
      <Filter>Header Files</Filter>
    </ClInclude>
    <ClInclude Include="source\ThirdParty\SDL2\SDL_thread.h">
      <Filter>Header Files</Filter>
    </ClInclude>
    <ClInclude Include="source\ThirdParty\SDL2\SDL_timer.h">
      <Filter>Header Files</Filter>
    </ClInclude>
    <ClInclude Include="source\ThirdParty\SDL2\SDL_touch.h">
      <Filter>Header Files</Filter>
    </ClInclude>
    <ClInclude Include="source\ThirdParty\SDL2\SDL_ttf.h">
      <Filter>Header Files</Filter>
    </ClInclude>
    <ClInclude Include="source\ThirdParty\SDL2\SDL_types.h">
      <Filter>Header Files</Filter>
    </ClInclude>
    <ClInclude Include="source\ThirdParty\SDL2\SDL_version.h">
      <Filter>Header Files</Filter>
    </ClInclude>
    <ClInclude Include="source\ThirdParty\SDL2\SDL_video.h">
      <Filter>Header Files</Filter>
    </ClInclude>
    <ClInclude Include="source\ThirdParty\SDL2\SDL_vulkan.h">
      <Filter>Header Files</Filter>
    </ClInclude>
    <ClInclude Include="source\ThirdParty\Stb\stb_image.h">
      <Filter>Header Files</Filter>
    </ClInclude>
    <ClInclude Include="source\ThirdParty\Stb\stb_image_writer.h">
      <Filter>Header Files</Filter>
    </ClInclude>
    <ClInclude Include="source\ThirdParty\Stb\stb_truetype.h">
      <Filter>Header Files</Filter>
    </ClInclude>
    <ClInclude Include="source\UserInterface\Controls\Canvas.h">
      <Filter>Header Files</Filter>
    </ClInclude>
    <ClInclude Include="source\UserInterface\Controls\Control.h">
      <Filter>Header Files</Filter>
    </ClInclude>
    <ClInclude Include="source\UserInterface\Controls\Image.h">
      <Filter>Header Files</Filter>
    </ClInclude>
    <ClInclude Include="source\UserInterface\Controls\Label.h">
      <Filter>Header Files</Filter>
    </ClInclude>
    <ClInclude Include="source\UserInterface\UserInterface.h">
      <Filter>Header Files</Filter>
    </ClInclude>
    <ClInclude Include="source\UserInterface\Widget.h">
      <Filter>Header Files</Filter>
    </ClInclude>
    <ClInclude Include="source\Utility\ByteOperations.h">
      <Filter>Header Files</Filter>
    </ClInclude>
    <ClInclude Include="source\Utility\Path.h">
      <Filter>Header Files</Filter>
    </ClInclude>
    <ClInclude Include="source\Utility\Platform.h">
      <Filter>Header Files</Filter>
    </ClInclude>
    <ClInclude Include="source\Utility\QOI.h">
      <Filter>Header Files</Filter>
    </ClInclude>
    <ClInclude Include="source\UserInterface\Controls\VerticalStack.h">
      <Filter>Header Files</Filter>
    </ClInclude>
    <ClInclude Include="source\UserInterface\Controls\HorizontalStack.h">
      <Filter>Header Files</Filter>
    </ClInclude>
    <ClInclude Include="source\UserInterface\Controls\TextInput.h">
      <Filter>Header Files</Filter>
    </ClInclude>
  </ItemGroup>
  <ItemGroup>
    <ClCompile Include="source\Core.cpp">
      <Filter>Source Files</Filter>
    </ClCompile>
    <ClCompile Include="source\GenericTypes\String.cpp">
      <Filter>Source Files</Filter>
    </ClCompile>
    <ClCompile Include="source\GenericTypes\StringId.cpp">
      <Filter>Source Files</Filter>
    </ClCompile>
    <ClCompile Include="source\Graphics\RenderTarget.cpp">
      <Filter>Source Files</Filter>
    </ClCompile>
    <ClCompile Include="source\Graphics\SpriteRenderer\IntermediateSpriteRenderer.cpp">
      <Filter>Source Files</Filter>
    </ClCompile>
    <ClCompile Include="source\Graphics\UniformBlock.cpp">
      <Filter>Source Files</Filter>
    </ClCompile>
    <ClCompile Include="source\Math\Float2.cpp">
      <Filter>Source Files</Filter>
    </ClCompile>
    <ClCompile Include="source\Math\Float3.cpp">
      <Filter>Source Files</Filter>
    </ClCompile>
    <ClCompile Include="source\Math\Float4.cpp">
      <Filter>Source Files</Filter>
    </ClCompile>
    <ClCompile Include="source\Math\Int2.cpp">
      <Filter>Source Files</Filter>
    </ClCompile>
    <ClCompile Include="source\Math\Int3.cpp">
      <Filter>Source Files</Filter>
    </ClCompile>
    <ClCompile Include="source\Math\Int4.cpp">
      <Filter>Source Files</Filter>
    </ClCompile>
    <ClCompile Include="source\Math\Math.cpp">
      <Filter>Source Files</Filter>
    </ClCompile>
    <ClCompile Include="source\Math\Matrix2x2.cpp">
      <Filter>Source Files</Filter>
    </ClCompile>
    <ClCompile Include="source\Math\Matrix3x3.cpp">
      <Filter>Source Files</Filter>
    </ClCompile>
    <ClCompile Include="source\Math\Matrix4x4.cpp">
      <Filter>Source Files</Filter>
    </ClCompile>
    <ClCompile Include="source\Math\Quaternion.cpp">
      <Filter>Source Files</Filter>
    </ClCompile>
    <ClCompile Include="source\Resources\Font.cpp">
      <Filter>Source Files</Filter>
    </ClCompile>
    <ClCompile Include="source\Resources\Material.cpp">
      <Filter>Source Files</Filter>
    </ClCompile>
    <ClCompile Include="source\Resources\Mesh.cpp">
      <Filter>Source Files</Filter>
    </ClCompile>
    <ClCompile Include="source\Resources\Shader.cpp">
      <Filter>Source Files</Filter>
    </ClCompile>
    <ClCompile Include="source\Resources\Texture.cpp">
      <Filter>Source Files</Filter>
    </ClCompile>
    <ClCompile Include="source\Subsystems\Audio\AudioSubsystem.cpp">
      <Filter>Source Files</Filter>
    </ClCompile>
    <ClCompile Include="source\Subsystems\Input\ControlMap.cpp">
      <Filter>Source Files</Filter>
    </ClCompile>
    <ClCompile Include="source\Subsystems\Input\ControlScheme.cpp">
      <Filter>Source Files</Filter>
    </ClCompile>
    <ClCompile Include="source\Subsystems\Input\Devices\KeyboardDevice.cpp">
      <Filter>Source Files</Filter>
    </ClCompile>
    <ClCompile Include="source\Subsystems\Input\Devices\MouseDevice.cpp">
      <Filter>Source Files</Filter>
    </ClCompile>
    <ClCompile Include="source\Subsystems\Input\InputSubsystem.cpp">
      <Filter>Source Files</Filter>
    </ClCompile>
    <ClCompile Include="source\Subsystems\Resource\Converters\FontConverter.cpp">
      <Filter>Source Files</Filter>
    </ClCompile>
    <ClCompile Include="source\Subsystems\Resource\Converters\MaterialConverter.cpp">
      <Filter>Source Files</Filter>
    </ClCompile>
    <ClCompile Include="source\Subsystems\Resource\Converters\MeshConverter.cpp">
      <Filter>Source Files</Filter>
    </ClCompile>
    <ClCompile Include="source\Subsystems\Resource\Converters\ShaderConverter.cpp">
      <Filter>Source Files</Filter>
    </ClCompile>
    <ClCompile Include="source\Subsystems\Resource\Converters\TextureConverter.cpp">
      <Filter>Source Files</Filter>
    </ClCompile>
    <ClCompile Include="source\Subsystems\Resource\Loaders\FontLoader.cpp">
      <Filter>Source Files</Filter>
    </ClCompile>
    <ClCompile Include="source\Subsystems\Resource\Loaders\MaterialLoader.cpp">
      <Filter>Source Files</Filter>
    </ClCompile>
    <ClCompile Include="source\Subsystems\Resource\Loaders\MeshLoader.cpp">
      <Filter>Source Files</Filter>
    </ClCompile>
    <ClCompile Include="source\Subsystems\Resource\Loaders\ShaderLoader.cpp">
      <Filter>Source Files</Filter>
    </ClCompile>
    <ClCompile Include="source\Subsystems\Resource\Loaders\TextureLoader.cpp">
      <Filter>Source Files</Filter>
    </ClCompile>
    <ClCompile Include="source\Subsystems\Resource\ResourceSubsystem.cpp">
      <Filter>Source Files</Filter>
    </ClCompile>
    <ClCompile Include="source\Subsystems\State\State.cpp">
      <Filter>Source Files</Filter>
    </ClCompile>
    <ClCompile Include="source\Subsystems\State\StateObject.cpp">
      <Filter>Source Files</Filter>
    </ClCompile>
    <ClCompile Include="source\Subsystems\State\StateSubsystem.cpp">
      <Filter>Source Files</Filter>
    </ClCompile>
    <ClCompile Include="source\Subsystems\Subsystem.cpp">
      <Filter>Source Files</Filter>
    </ClCompile>
    <ClCompile Include="source\Subsystems\SubsystemManager.cpp">
      <Filter>Source Files</Filter>
    </ClCompile>
    <ClCompile Include="source\Subsystems\Time\Timer.cpp">
      <Filter>Source Files</Filter>
    </ClCompile>
    <ClCompile Include="source\Subsystems\Time\TimeSubsystem.cpp">
      <Filter>Source Files</Filter>
    </ClCompile>
    <ClCompile Include="source\Subsystems\Window\WindowObject.cpp">
      <Filter>Source Files</Filter>
    </ClCompile>
    <ClCompile Include="source\Subsystems\Window\WindowSubsystem.cpp">
      <Filter>Source Files</Filter>
    </ClCompile>
    <ClCompile Include="source\ThirdParty\GL\GlDebug.cpp">
      <Filter>Source Files</Filter>
    </ClCompile>
    <ClCompile Include="source\ThirdParty\GL\glew.cpp">
      <Filter>Source Files</Filter>
    </ClCompile>
    <ClCompile Include="source\UserInterface\Controls\Canvas.cpp">
      <Filter>Source Files</Filter>
    </ClCompile>
    <ClCompile Include="source\UserInterface\Controls\Control.cpp">
      <Filter>Source Files</Filter>
    </ClCompile>
    <ClCompile Include="source\UserInterface\Controls\Image.cpp">
      <Filter>Source Files</Filter>
    </ClCompile>
    <ClCompile Include="source\UserInterface\Controls\Label.cpp">
      <Filter>Source Files</Filter>
    </ClCompile>
    <ClCompile Include="source\UserInterface\UserInterface.cpp">
      <Filter>Source Files</Filter>
    </ClCompile>
    <ClCompile Include="source\UserInterface\Widget.cpp">
      <Filter>Source Files</Filter>
    </ClCompile>
    <ClCompile Include="source\Utility\ByteOperations.cpp">
      <Filter>Source Files</Filter>
    </ClCompile>
    <ClCompile Include="source\Utility\Path.cpp">
      <Filter>Source Files</Filter>
    </ClCompile>
    <ClCompile Include="source\Utility\Platform.cpp">
      <Filter>Source Files</Filter>
    </ClCompile>
    <ClCompile Include="source\Utility\QOI.cpp">
      <Filter>Source Files</Filter>
    </ClCompile>
    <ClCompile Include="source\Graphics\Color.cpp">
      <Filter>Source Files</Filter>
    </ClCompile>
    <ClCompile Include="source\UserInterface\Controls\VerticalStack.cpp">
      <Filter>Source Files</Filter>
    </ClCompile>
    <ClCompile Include="source\UserInterface\Controls\HorizontalStack.cpp">
      <Filter>Source Files</Filter>
    </ClCompile>
    <ClCompile Include="source\UserInterface\Controls\TextInput.cpp">
      <Filter>Source Files</Filter>
    </ClCompile>
  </ItemGroup>
</Project>