
Microsoft Visual Studio Solution File, Format Version 12.00
# Visual Studio Version 17
VisualStudioVersion = 17.5.33516.290
MinimumVisualStudioVersion = 10.0.40219.1
Project("{8BC9CEB8-8B4A-11D0-8D11-00A0C91BC942}") = "Hero", "Hero.vcxproj", "{B42C4613-B379-430D-AFC1-1328277D78CD}"
EndProject
Global
	GlobalSection(SolutionConfigurationPlatforms) = preSolution
		Debug|x64 = Debug|x64
		Debug|x86 = Debug|x86
		Release|x64 = Release|x64
		Release|x86 = Release|x86
	EndGlobalSection
	GlobalSection(ProjectConfigurationPlatforms) = postSolution
		{B42C4613-B379-430D-AFC1-1328277D78CD}.Debug|x64.ActiveCfg = Debug|x64
		{B42C4613-B379-430D-AFC1-1328277D78CD}.Debug|x64.Build.0 = Debug|x64
		{B42C4613-B379-430D-AFC1-1328277D78CD}.Debug|x86.ActiveCfg = Debug|Win32
		{B42C4613-B379-430D-AFC1-1328277D78CD}.Debug|x86.Build.0 = Debug|Win32
		{B42C4613-B379-430D-AFC1-1328277D78CD}.Release|x64.ActiveCfg = Release|x64
		{B42C4613-B379-430D-AFC1-1328277D78CD}.Release|x64.Build.0 = Release|x64
		{B42C4613-B379-430D-AFC1-1328277D78CD}.Release|x86.ActiveCfg = Release|Win32
		{B42C4613-B379-430D-AFC1-1328277D78CD}.Release|x86.Build.0 = Release|Win32
	EndGlobalSection
	GlobalSection(SolutionProperties) = preSolution
		HideSolutionNode = FALSE
	EndGlobalSection
	GlobalSection(ExtensibilityGlobals) = postSolution
		SolutionGuid = {0C850EE1-0F19-46B4-8149-9672096AF66A}
	EndGlobalSection
EndGlobal
